
Microsoft Visual Studio Solution File, Format Version 12.00
# Visual Studio 2013
VisualStudioVersion = 12.0.21005.1
MinimumVisualStudioVersion = 10.0.40219.1
Project("{FAE04EC0-301F-11D3-BF4B-00C04F79EFBC}") = "Cordyceps", "Cordyceps\Cordyceps.csproj", "{2827D00B-7A0B-4227-90E2-386A0F7CF23E}"
EndProject
Global
	GlobalSection(SolutionConfigurationPlatforms) = preSolution
		Debug32|Any CPU = Debug32|Any CPU
		Debug64|Any CPU = Debug64|Any CPU
		Release|Any CPU = Release|Any CPU
	EndGlobalSection
	GlobalSection(ProjectConfigurationPlatforms) = postSolution
		{2827D00B-7A0B-4227-90E2-386A0F7CF23E}.Debug32|Any CPU.ActiveCfg = Debug32|Any CPU
		{2827D00B-7A0B-4227-90E2-386A0F7CF23E}.Debug32|Any CPU.Build.0 = Debug32|Any CPU
		{2827D00B-7A0B-4227-90E2-386A0F7CF23E}.Debug64|Any CPU.ActiveCfg = Debug64|Any CPU
		{2827D00B-7A0B-4227-90E2-386A0F7CF23E}.Debug64|Any CPU.Build.0 = Debug64|Any CPU
		{2827D00B-7A0B-4227-90E2-386A0F7CF23E}.Release|Any CPU.ActiveCfg = Release|Any CPU
		{2827D00B-7A0B-4227-90E2-386A0F7CF23E}.Release|Any CPU.Build.0 = Release|Any CPU
	EndGlobalSection
	GlobalSection(SolutionProperties) = preSolution
		HideSolutionNode = FALSE
	EndGlobalSection
EndGlobal
